
Microsoft Visual Studio Solution File, Format Version 12.00
# Visual Studio Version 17
VisualStudioVersion = 17.0.32112.339
MinimumVisualStudioVersion = 10.0.40219.1
Project("{FAE04EC0-301F-11D3-BF4B-00C04F79EFBC}") = "Assignment1.2.3", "Assignment1.2.3\Assignment1.2.3.csproj", "{AE942E96-67A1-4A06-B98D-050AEB0071EF}"
EndProject
Global
	GlobalSection(SolutionConfigurationPlatforms) = preSolution
		Debug|Any CPU = Debug|Any CPU
		Release|Any CPU = Release|Any CPU
	EndGlobalSection
	GlobalSection(ProjectConfigurationPlatforms) = postSolution
		{AE942E96-67A1-4A06-B98D-050AEB0071EF}.Debug|Any CPU.ActiveCfg = Debug|Any CPU
		{AE942E96-67A1-4A06-B98D-050AEB0071EF}.Debug|Any CPU.Build.0 = Debug|Any CPU
		{AE942E96-67A1-4A06-B98D-050AEB0071EF}.Release|Any CPU.ActiveCfg = Release|Any CPU
		{AE942E96-67A1-4A06-B98D-050AEB0071EF}.Release|Any CPU.Build.0 = Release|Any CPU
	EndGlobalSection
	GlobalSection(SolutionProperties) = preSolution
		HideSolutionNode = FALSE
	EndGlobalSection
	GlobalSection(ExtensibilityGlobals) = postSolution
		SolutionGuid = {66272771-04EB-45C3-B159-0120BF884847}
	EndGlobalSection
EndGlobal
